
Microsoft Visual Studio Solution File, Format Version 12.00
# Visual Studio 15
VisualStudioVersion = 15.0.27130.2010
MinimumVisualStudioVersion = 10.0.40219.1
Project("{FAE04EC0-301F-11D3-BF4B-00C04F79EFBC}") = "LogsWatcher", "LogsWatcher\LogsWatcher.csproj", "{6192920A-0F42-4B7B-9959-B4EBAB7470F8}"
EndProject
Project("{9A19103F-16F7-4668-BE54-9A1E7A4F7556}") = "LogsWatcher.AuthenticationServer", "LogsReader.AuthenticationServer\LogsWatcher.AuthenticationServer.csproj", "{460507CF-43CB-414C-ABDD-C60444F55EC9}"
EndProject
Project("{9A19103F-16F7-4668-BE54-9A1E7A4F7556}") = "LogsWatcher.Model", "LogsReader.Model\LogsWatcher.Model.csproj", "{5193CB46-F12A-4FE1-8F95-36F368C45B2A}"
EndProject
Project("{FAE04EC0-301F-11D3-BF4B-00C04F79EFBC}") = "LogsWatcher.Tests", "LogsReader.Tests\LogsWatcher.Tests.csproj", "{23F2AF4C-9BCD-46BD-B417-349CD2D558B1}"
EndProject
Global
	GlobalSection(SolutionConfigurationPlatforms) = preSolution
		Debug|Any CPU = Debug|Any CPU
		Release|Any CPU = Release|Any CPU
	EndGlobalSection
	GlobalSection(ProjectConfigurationPlatforms) = postSolution
		{6192920A-0F42-4B7B-9959-B4EBAB7470F8}.Debug|Any CPU.ActiveCfg = Debug|Any CPU
		{6192920A-0F42-4B7B-9959-B4EBAB7470F8}.Debug|Any CPU.Build.0 = Debug|Any CPU
		{6192920A-0F42-4B7B-9959-B4EBAB7470F8}.Release|Any CPU.ActiveCfg = Release|Any CPU
		{6192920A-0F42-4B7B-9959-B4EBAB7470F8}.Release|Any CPU.Build.0 = Release|Any CPU
		{460507CF-43CB-414C-ABDD-C60444F55EC9}.Debug|Any CPU.ActiveCfg = Debug|Any CPU
		{460507CF-43CB-414C-ABDD-C60444F55EC9}.Debug|Any CPU.Build.0 = Debug|Any CPU
		{460507CF-43CB-414C-ABDD-C60444F55EC9}.Release|Any CPU.ActiveCfg = Release|Any CPU
		{460507CF-43CB-414C-ABDD-C60444F55EC9}.Release|Any CPU.Build.0 = Release|Any CPU
		{5193CB46-F12A-4FE1-8F95-36F368C45B2A}.Debug|Any CPU.ActiveCfg = Debug|Any CPU
		{5193CB46-F12A-4FE1-8F95-36F368C45B2A}.Debug|Any CPU.Build.0 = Debug|Any CPU
		{5193CB46-F12A-4FE1-8F95-36F368C45B2A}.Release|Any CPU.ActiveCfg = Release|Any CPU
		{5193CB46-F12A-4FE1-8F95-36F368C45B2A}.Release|Any CPU.Build.0 = Release|Any CPU
		{23F2AF4C-9BCD-46BD-B417-349CD2D558B1}.Debug|Any CPU.ActiveCfg = Debug|Any CPU
		{23F2AF4C-9BCD-46BD-B417-349CD2D558B1}.Debug|Any CPU.Build.0 = Debug|Any CPU
		{23F2AF4C-9BCD-46BD-B417-349CD2D558B1}.Release|Any CPU.ActiveCfg = Release|Any CPU
		{23F2AF4C-9BCD-46BD-B417-349CD2D558B1}.Release|Any CPU.Build.0 = Release|Any CPU
	EndGlobalSection
	GlobalSection(SolutionProperties) = preSolution
		HideSolutionNode = FALSE
	EndGlobalSection
	GlobalSection(ExtensibilityGlobals) = postSolution
		SolutionGuid = {4CA90A45-8CEB-4CA4-9942-C73AF06A4665}
	EndGlobalSection
EndGlobal
